
Microsoft Visual Studio Solution File, Format Version 12.00
# Visual Studio Version 16
VisualStudioVersion = 16.0.30204.135
MinimumVisualStudioVersion = 10.0.40219.1
Project("{9A19103F-16F7-4668-BE54-9A1E7A4F7556}") = "MAV.Login", "MAV.Login\MAV.Login.csproj", "{9990E902-90CF-40EA-8570-70577B5D56D2}"
EndProject
Project("{9A19103F-16F7-4668-BE54-9A1E7A4F7556}") = "MAV.Base", "MAV.Base\MAV.Base.csproj", "{F8AB6E80-1AB9-4EDF-B5D8-0ED4CC2BD1CE}"
EndProject
Project("{9A19103F-16F7-4668-BE54-9A1E7A4F7556}") = "MAV.Helper", "MAV.Helper\MAV.Helper.csproj", "{4EECD3BF-AC88-4390-B9D1-D18A2D8D3AAE}"
EndProject
Project("{9A19103F-16F7-4668-BE54-9A1E7A4F7556}") = "MAV.Client", "MAV.Client\MAV.Client.csproj", "{4663C845-6334-4594-BCA9-B891DD44E785}"
EndProject
Project("{FAE04EC0-301F-11D3-BF4B-00C04F79EFBC}") = "MAV.DirectoryModule", "MAV.DirectoryModule\MAV.DirectoryModule.csproj", "{68DF18B5-4908-436D-8CED-0657098DAF04}"
EndProject
Global
	GlobalSection(SolutionConfigurationPlatforms) = preSolution
		Debug|Any CPU = Debug|Any CPU
		Debug|x64 = Debug|x64
		Release|Any CPU = Release|Any CPU
		Release|x64 = Release|x64
	EndGlobalSection
	GlobalSection(ProjectConfigurationPlatforms) = postSolution
		{9990E902-90CF-40EA-8570-70577B5D56D2}.Debug|Any CPU.ActiveCfg = Debug|Any CPU
		{9990E902-90CF-40EA-8570-70577B5D56D2}.Debug|Any CPU.Build.0 = Debug|Any CPU
		{9990E902-90CF-40EA-8570-70577B5D56D2}.Debug|x64.ActiveCfg = Debug|x64
		{9990E902-90CF-40EA-8570-70577B5D56D2}.Debug|x64.Build.0 = Debug|x64
		{9990E902-90CF-40EA-8570-70577B5D56D2}.Release|Any CPU.ActiveCfg = Release|Any CPU
		{9990E902-90CF-40EA-8570-70577B5D56D2}.Release|Any CPU.Build.0 = Release|Any CPU
		{9990E902-90CF-40EA-8570-70577B5D56D2}.Release|x64.ActiveCfg = Release|x64
		{9990E902-90CF-40EA-8570-70577B5D56D2}.Release|x64.Build.0 = Release|x64
		{F8AB6E80-1AB9-4EDF-B5D8-0ED4CC2BD1CE}.Debug|Any CPU.ActiveCfg = Debug|Any CPU
		{F8AB6E80-1AB9-4EDF-B5D8-0ED4CC2BD1CE}.Debug|Any CPU.Build.0 = Debug|Any CPU
		{F8AB6E80-1AB9-4EDF-B5D8-0ED4CC2BD1CE}.Debug|x64.ActiveCfg = Debug|x64
		{F8AB6E80-1AB9-4EDF-B5D8-0ED4CC2BD1CE}.Debug|x64.Build.0 = Debug|x64
		{F8AB6E80-1AB9-4EDF-B5D8-0ED4CC2BD1CE}.Release|Any CPU.ActiveCfg = Release|Any CPU
		{F8AB6E80-1AB9-4EDF-B5D8-0ED4CC2BD1CE}.Release|Any CPU.Build.0 = Release|Any CPU
		{F8AB6E80-1AB9-4EDF-B5D8-0ED4CC2BD1CE}.Release|x64.ActiveCfg = Release|x64
		{F8AB6E80-1AB9-4EDF-B5D8-0ED4CC2BD1CE}.Release|x64.Build.0 = Release|x64
		{4EECD3BF-AC88-4390-B9D1-D18A2D8D3AAE}.Debug|Any CPU.ActiveCfg = Debug|Any CPU
		{4EECD3BF-AC88-4390-B9D1-D18A2D8D3AAE}.Debug|Any CPU.Build.0 = Debug|Any CPU
		{4EECD3BF-AC88-4390-B9D1-D18A2D8D3AAE}.Debug|x64.ActiveCfg = Debug|x64
		{4EECD3BF-AC88-4390-B9D1-D18A2D8D3AAE}.Debug|x64.Build.0 = Debug|x64
		{4EECD3BF-AC88-4390-B9D1-D18A2D8D3AAE}.Release|Any CPU.ActiveCfg = Release|Any CPU
		{4EECD3BF-AC88-4390-B9D1-D18A2D8D3AAE}.Release|Any CPU.Build.0 = Release|Any CPU
		{4EECD3BF-AC88-4390-B9D1-D18A2D8D3AAE}.Release|x64.ActiveCfg = Release|x64
		{4EECD3BF-AC88-4390-B9D1-D18A2D8D3AAE}.Release|x64.Build.0 = Release|x64
		{4663C845-6334-4594-BCA9-B891DD44E785}.Debug|Any CPU.ActiveCfg = Debug|Any CPU
		{4663C845-6334-4594-BCA9-B891DD44E785}.Debug|Any CPU.Build.0 = Debug|Any CPU
		{4663C845-6334-4594-BCA9-B891DD44E785}.Debug|x64.ActiveCfg = Debug|x64
		{4663C845-6334-4594-BCA9-B891DD44E785}.Debug|x64.Build.0 = Debug|x64
		{4663C845-6334-4594-BCA9-B891DD44E785}.Release|Any CPU.ActiveCfg = Release|Any CPU
		{4663C845-6334-4594-BCA9-B891DD44E785}.Release|Any CPU.Build.0 = Release|Any CPU
		{4663C845-6334-4594-BCA9-B891DD44E785}.Release|x64.ActiveCfg = Release|x64
		{4663C845-6334-4594-BCA9-B891DD44E785}.Release|x64.Build.0 = Release|x64
		{68DF18B5-4908-436D-8CED-0657098DAF04}.Debug|Any CPU.ActiveCfg = Debug|Any CPU
		{68DF18B5-4908-436D-8CED-0657098DAF04}.Debug|Any CPU.Build.0 = Debug|Any CPU
		{68DF18B5-4908-436D-8CED-0657098DAF04}.Debug|x64.ActiveCfg = Debug|Any CPU
		{68DF18B5-4908-436D-8CED-0657098DAF04}.Debug|x64.Build.0 = Debug|Any CPU
		{68DF18B5-4908-436D-8CED-0657098DAF04}.Release|Any CPU.ActiveCfg = Release|Any CPU
		{68DF18B5-4908-436D-8CED-0657098DAF04}.Release|Any CPU.Build.0 = Release|Any CPU
		{68DF18B5-4908-436D-8CED-0657098DAF04}.Release|x64.ActiveCfg = Release|Any CPU
		{68DF18B5-4908-436D-8CED-0657098DAF04}.Release|x64.Build.0 = Release|Any CPU
	EndGlobalSection
	GlobalSection(SolutionProperties) = preSolution
		HideSolutionNode = FALSE
	EndGlobalSection
	GlobalSection(ExtensibilityGlobals) = postSolution
		SolutionGuid = {F7F97EAB-38A5-4197-BC08-1656C56F3032}
	EndGlobalSection
EndGlobal
